// !$*UTF8*$!
{
	archiveVersion = 1;
	classes = {
	};
	objectVersion = 48;
	objects = {

/* Begin PBXBuildFile section */
		5E028EA02033C56D00EA84BB /* correct_answer3.mp3 in Resources */ = {isa = PBXBuildFile; fileRef = 5E028E9F2033C56D00EA84BB /* correct_answer3.mp3 */; };
		5E028EA22033D5CD00EA84BB /* result02.mp3 in Resources */ = {isa = PBXBuildFile; fileRef = 5E028EA12033D5CC00EA84BB /* result02.mp3 */; };
		5E028EA42033D5DA00EA84BB /* result01.mp3 in Resources */ = {isa = PBXBuildFile; fileRef = 5E028EA32033D5D900EA84BB /* result01.mp3 */; };
		5E02D47520351CEB0076DB81 /* mistakeWords.xcdatamodeld in Sources */ = {isa = PBXBuildFile; fileRef = 5E02D47320351CEB0076DB81 /* mistakeWords.xcdatamodeld */; };
		5E02D47820351D910076DB81 /* MissWords+CoreDataClass.swift in Sources */ = {isa = PBXBuildFile; fileRef = 5E02D47620351D910076DB81 /* MissWords+CoreDataClass.swift */; };
		5E02D47920351D910076DB81 /* MissWords+CoreDataProperties.swift in Sources */ = {isa = PBXBuildFile; fileRef = 5E02D47720351D910076DB81 /* MissWords+CoreDataProperties.swift */; };
		5E03F3AF202D4AFC00867FE8 /* CustomCell 11-15-20-828.swift in Sources */ = {isa = PBXBuildFile; fileRef = 5E03F3AE202D4AFC00867FE8 /* CustomCell 11-15-20-828.swift */; };
		5E03F3B1202D4CF700867FE8 /* customWordCell.swift in Sources */ = {isa = PBXBuildFile; fileRef = 5E03F3B0202D4CF700867FE8 /* customWordCell.swift */; };
		5E07D4F52024152C00B6D423 /* category.xib in Resources */ = {isa = PBXBuildFile; fileRef = 5E07D4F42024152C00B6D423 /* category.xib */; };
		5E1158E52020068E0063640E /* AppDelegate.swift in Sources */ = {isa = PBXBuildFile; fileRef = 5E1158E42020068E0063640E /* AppDelegate.swift */; };
		5E1158E72020068E0063640E /* ViewController.swift in Sources */ = {isa = PBXBuildFile; fileRef = 5E1158E62020068E0063640E /* ViewController.swift */; };
		5E1158EA2020068E0063640E /* Main.storyboard in Resources */ = {isa = PBXBuildFile; fileRef = 5E1158E82020068E0063640E /* Main.storyboard */; };
		5E1158EC2020068E0063640E /* Assets.xcassets in Resources */ = {isa = PBXBuildFile; fileRef = 5E1158EB2020068E0063640E /* Assets.xcassets */; };
		5E1158EF2020068E0063640E /* LaunchScreen.storyboard in Resources */ = {isa = PBXBuildFile; fileRef = 5E1158ED2020068E0063640E /* LaunchScreen.storyboard */; };
		5E317F7C204AAD9700AD2952 /* noQuestionViewController.swift in Sources */ = {isa = PBXBuildFile; fileRef = 5E317F7B204AAD9700AD2952 /* noQuestionViewController.swift */; };
		5E317F7E204AAF1D00AD2952 /* noQuestion.jpg in Resources */ = {isa = PBXBuildFile; fileRef = 5E317F7D204AAF1D00AD2952 /* noQuestion.jpg */; };
		5E317F80204CD1E700AD2952 /* no.jpg in Resources */ = {isa = PBXBuildFile; fileRef = 5E317F7F204CD1E700AD2952 /* no.jpg */; };
		5E317F82204CD1F900AD2952 /* yes.jpg in Resources */ = {isa = PBXBuildFile; fileRef = 5E317F81204CD1F900AD2952 /* yes.jpg */; };
		5E317F84204CE07500AD2952 /* Slug.jpg in Resources */ = {isa = PBXBuildFile; fileRef = 5E317F83204CE07500AD2952 /* Slug.jpg */; };
		5E317F86204CF35200AD2952 /* PartnerList.plist in Resources */ = {isa = PBXBuildFile; fileRef = 5E317F85204CF35200AD2952 /* PartnerList.plist */; };
		5E5E9F112027FA1900FFA153 /* questionViewController.swift in Sources */ = {isa = PBXBuildFile; fileRef = 5E5E9F102027FA1900FFA153 /* questionViewController.swift */; };
		5E5E9F1520280B9300FFA153 /* Test01List.plist in Resources */ = {isa = PBXBuildFile; fileRef = 5E5E9F1420280B9300FFA153 /* Test01List.plist */; };
		5E5E9F1720280BEA00FFA153 /* Test02List.plist in Resources */ = {isa = PBXBuildFile; fileRef = 5E5E9F1620280BEA00FFA153 /* Test02List.plist */; };
		5E7A8CEB204E233600FD72F7 /* everydayConversation.plist in Resources */ = {isa = PBXBuildFile; fileRef = 5E7A8CEA204E233600FD72F7 /* everydayConversation.plist */; };
		5ECDD4B92029DCB400FB5015 /* ResultViewController.swift in Sources */ = {isa = PBXBuildFile; fileRef = 5ECDD4B82029DCB400FB5015 /* ResultViewController.swift */; };
		5EEA4B33204288A2004B9CCD /* acronym.plist in Resources */ = {isa = PBXBuildFile; fileRef = 5EEA4B32204288A2004B9CCD /* acronym.plist */; };
		5EEA4B372042B116004B9CCD /* detailsViewController.swift in Sources */ = {isa = PBXBuildFile; fileRef = 5EEA4B362042B116004B9CCD /* detailsViewController.swift */; };
		5EF300A3202C9FB1009B1173 /* answerViewController.swift in Sources */ = {isa = PBXBuildFile; fileRef = 5EF300A2202C9FB1009B1173 /* answerViewController.swift */; };
		5EF690DA203296DD00097B8C /* mistake_answer.mp3 in Resources */ = {isa = PBXBuildFile; fileRef = 5EF690D8203296DD00097B8C /* mistake_answer.mp3 */; };
/* End PBXBuildFile section */

/* Begin PBXFileReference section */
		5E028E9F2033C56D00EA84BB /* correct_answer3.mp3 */ = {isa = PBXFileReference; lastKnownFileType = audio.mp3; path = correct_answer3.mp3; sourceTree = "<group>"; };
		5E028EA12033D5CC00EA84BB /* result02.mp3 */ = {isa = PBXFileReference; lastKnownFileType = audio.mp3; path = result02.mp3; sourceTree = "<group>"; };
		5E028EA32033D5D900EA84BB /* result01.mp3 */ = {isa = PBXFileReference; lastKnownFileType = audio.mp3; path = result01.mp3; sourceTree = "<group>"; };
		5E02D47420351CEB0076DB81 /* mistakeWords.xcdatamodel */ = {isa = PBXFileReference; lastKnownFileType = wrapper.xcdatamodel; path = mistakeWords.xcdatamodel; sourceTree = "<group>"; };
		5E02D47620351D910076DB81 /* MissWords+CoreDataClass.swift */ = {isa = PBXFileReference; lastKnownFileType = sourcecode.swift; path = "MissWords+CoreDataClass.swift"; sourceTree = "<group>"; };
		5E02D47720351D910076DB81 /* MissWords+CoreDataProperties.swift */ = {isa = PBXFileReference; lastKnownFileType = sourcecode.swift; path = "MissWords+CoreDataProperties.swift"; sourceTree = "<group>"; };
		5E03F3AE202D4AFC00867FE8 /* CustomCell 11-15-20-828.swift */ = {isa = PBXFileReference; fileEncoding = 4; lastKnownFileType = sourcecode.swift; path = "CustomCell 11-15-20-828.swift"; sourceTree = "<group>"; };
		5E03F3B0202D4CF700867FE8 /* customWordCell.swift */ = {isa = PBXFileReference; lastKnownFileType = sourcecode.swift; path = customWordCell.swift; sourceTree = "<group>"; };
		5E07D4F42024152C00B6D423 /* category.xib */ = {isa = PBXFileReference; lastKnownFileType = file.xib; path = category.xib; sourceTree = "<group>"; };
		5E1158E12020068E0063640E /* myApp.app */ = {isa = PBXFileReference; explicitFileType = wrapper.application; includeInIndex = 0; path = myApp.app; sourceTree = BUILT_PRODUCTS_DIR; };
		5E1158E42020068E0063640E /* AppDelegate.swift */ = {isa = PBXFileReference; lastKnownFileType = sourcecode.swift; path = AppDelegate.swift; sourceTree = "<group>"; };
		5E1158E62020068E0063640E /* ViewController.swift */ = {isa = PBXFileReference; lastKnownFileType = sourcecode.swift; path = ViewController.swift; sourceTree = "<group>"; };
		5E1158E92020068E0063640E /* Base */ = {isa = PBXFileReference; lastKnownFileType = file.storyboard; name = Base; path = Base.lproj/Main.storyboard; sourceTree = "<group>"; };
		5E1158EB2020068E0063640E /* Assets.xcassets */ = {isa = PBXFileReference; lastKnownFileType = folder.assetcatalog; path = Assets.xcassets; sourceTree = "<group>"; };
		5E1158EE2020068E0063640E /* Base */ = {isa = PBXFileReference; lastKnownFileType = file.storyboard; name = Base; path = Base.lproj/LaunchScreen.storyboard; sourceTree = "<group>"; };
		5E1158F02020068E0063640E /* Info.plist */ = {isa = PBXFileReference; lastKnownFileType = text.plist.xml; path = Info.plist; sourceTree = "<group>"; };
		5E317F7B204AAD9700AD2952 /* noQuestionViewController.swift */ = {isa = PBXFileReference; lastKnownFileType = sourcecode.swift; path = noQuestionViewController.swift; sourceTree = "<group>"; };
		5E317F7D204AAF1D00AD2952 /* noQuestion.jpg */ = {isa = PBXFileReference; lastKnownFileType = image.jpeg; path = noQuestion.jpg; sourceTree = "<group>"; };
		5E317F7F204CD1E700AD2952 /* no.jpg */ = {isa = PBXFileReference; lastKnownFileType = image.jpeg; path = no.jpg; sourceTree = "<group>"; };
		5E317F81204CD1F900AD2952 /* yes.jpg */ = {isa = PBXFileReference; lastKnownFileType = image.jpeg; path = yes.jpg; sourceTree = "<group>"; };
		5E317F83204CE07500AD2952 /* Slug.jpg */ = {isa = PBXFileReference; lastKnownFileType = image.jpeg; path = Slug.jpg; sourceTree = "<group>"; };
		5E317F85204CF35200AD2952 /* PartnerList.plist */ = {isa = PBXFileReference; lastKnownFileType = text.plist.xml; path = PartnerList.plist; sourceTree = "<group>"; };
		5E5E9F102027FA1900FFA153 /* questionViewController.swift */ = {isa = PBXFileReference; lastKnownFileType = sourcecode.swift; path = questionViewController.swift; sourceTree = "<group>"; };
		5E5E9F1420280B9300FFA153 /* Test01List.plist */ = {isa = PBXFileReference; lastKnownFileType = text.plist.xml; path = Test01List.plist; sourceTree = "<group>"; };
		5E5E9F1620280BEA00FFA153 /* Test02List.plist */ = {isa = PBXFileReference; lastKnownFileType = text.plist.xml; path = Test02List.plist; sourceTree = "<group>"; };
		5E7A8CEA204E233600FD72F7 /* everydayConversation.plist */ = {isa = PBXFileReference; lastKnownFileType = text.plist.xml; path = everydayConversation.plist; sourceTree = "<group>"; };
		5ECDD4B82029DCB400FB5015 /* ResultViewController.swift */ = {isa = PBXFileReference; lastKnownFileType = sourcecode.swift; path = ResultViewController.swift; sourceTree = "<group>"; };
		5EEA4B32204288A2004B9CCD /* acronym.plist */ = {isa = PBXFileReference; lastKnownFileType = text.plist.xml; path = acronym.plist; sourceTree = "<group>"; };
		5EEA4B362042B116004B9CCD /* detailsViewController.swift */ = {isa = PBXFileReference; lastKnownFileType = sourcecode.swift; path = detailsViewController.swift; sourceTree = "<group>"; };
		5EF300A2202C9FB1009B1173 /* answerViewController.swift */ = {isa = PBXFileReference; lastKnownFileType = sourcecode.swift; path = answerViewController.swift; sourceTree = "<group>"; };
		5EF690D8203296DD00097B8C /* mistake_answer.mp3 */ = {isa = PBXFileReference; lastKnownFileType = audio.mp3; path = mistake_answer.mp3; sourceTree = "<group>"; };
/* End PBXFileReference section */

/* Begin PBXFrameworksBuildPhase section */
		5E1158DE2020068E0063640E /* Frameworks */ = {
			isa = PBXFrameworksBuildPhase;
			buildActionMask = 2147483647;
			files = (
			);
			runOnlyForDeploymentPostprocessing = 0;
		};
/* End PBXFrameworksBuildPhase section */

/* Begin PBXGroup section */
		5E1158D82020068E0063640E = {
			isa = PBXGroup;
			children = (
				5E02D47620351D910076DB81 /* MissWords+CoreDataClass.swift */,
				5E02D47720351D910076DB81 /* MissWords+CoreDataProperties.swift */,
				5E1158E32020068E0063640E /* myApp */,
				5E1158E22020068E0063640E /* Products */,
				5EF690D7203296DD00097B8C /* sound */,
				5ED42153202A8FE700E4D1F3 /* img */,
			);
			sourceTree = "<group>";
		};
		5E1158E22020068E0063640E /* Products */ = {
			isa = PBXGroup;
			children = (
				5E1158E12020068E0063640E /* myApp.app */,
			);
			name = Products;
			sourceTree = "<group>";
		};
		5E1158E32020068E0063640E /* myApp */ = {
			isa = PBXGroup;
			children = (
				5E1158E42020068E0063640E /* AppDelegate.swift */,
				5E1158E62020068E0063640E /* ViewController.swift */,
				5E5E9F102027FA1900FFA153 /* questionViewController.swift */,
				5ECDD4B82029DCB400FB5015 /* ResultViewController.swift */,
				5EF300A2202C9FB1009B1173 /* answerViewController.swift */,
				5EEA4B362042B116004B9CCD /* detailsViewController.swift */,
				5E03F3AE202D4AFC00867FE8 /* CustomCell 11-15-20-828.swift */,
				5E03F3B0202D4CF700867FE8 /* customWordCell.swift */,
				5E1158E82020068E0063640E /* Main.storyboard */,
				5E1158EB2020068E0063640E /* Assets.xcassets */,
				5E1158ED2020068E0063640E /* LaunchScreen.storyboard */,
				5E1158F02020068E0063640E /* Info.plist */,
				5E07D4F42024152C00B6D423 /* category.xib */,
				5E5E9F1420280B9300FFA153 /* Test01List.plist */,
				5E7A8CEA204E233600FD72F7 /* everydayConversation.plist */,
				5E5E9F1620280BEA00FFA153 /* Test02List.plist */,
				5E317F85204CF35200AD2952 /* PartnerList.plist */,
				5EEA4B32204288A2004B9CCD /* acronym.plist */,
				5E02D47320351CEB0076DB81 /* mistakeWords.xcdatamodeld */,
				5E317F7B204AAD9700AD2952 /* noQuestionViewController.swift */,
			);
			path = myApp;
			sourceTree = "<group>";
		};
		5ED42153202A8FE700E4D1F3 /* img */ = {
			isa = PBXGroup;
			children = (
				5E317F83204CE07500AD2952 /* Slug.jpg */,
				5E317F81204CD1F900AD2952 /* yes.jpg */,
				5E317F7F204CD1E700AD2952 /* no.jpg */,
				5E317F7D204AAF1D00AD2952 /* noQuestion.jpg */,
			);
			path = img;
			sourceTree = "<group>";
		};
		5EF690D7203296DD00097B8C /* sound */ = {
			isa = PBXGroup;
			children = (
				5EF690D8203296DD00097B8C /* mistake_answer.mp3 */,
				5E028E9F2033C56D00EA84BB /* correct_answer3.mp3 */,
				5E028EA32033D5D900EA84BB /* result01.mp3 */,
				5E028EA12033D5CC00EA84BB /* result02.mp3 */,
			);
			path = sound;
			sourceTree = SOURCE_ROOT;
		};
/* End PBXGroup section */

/* Begin PBXNativeTarget section */
		5E1158E02020068E0063640E /* myApp */ = {
			isa = PBXNativeTarget;
			buildConfigurationList = 5E1158F32020068E0063640E /* Build configuration list for PBXNativeTarget "myApp" */;
			buildPhases = (
				5E1158DD2020068E0063640E /* Sources */,
				5E1158DE2020068E0063640E /* Frameworks */,
				5E1158DF2020068E0063640E /* Resources */,
			);
			buildRules = (
			);
			dependencies = (
			);
			name = myApp;
			productName = myApp;
			productReference = 5E1158E12020068E0063640E /* myApp.app */;
			productType = "com.apple.product-type.application";
		};
/* End PBXNativeTarget section */

/* Begin PBXProject section */
		5E1158D92020068E0063640E /* Project object */ = {
			isa = PBXProject;
			attributes = {
				LastSwiftUpdateCheck = 0920;
				LastUpgradeCheck = 0920;
				ORGANIZATIONNAME = "Suzuka Kakazu";
				TargetAttributes = {
					5E1158E02020068E0063640E = {
						CreatedOnToolsVersion = 9.2;
						ProvisioningStyle = Automatic;
					};
				};
			};
			buildConfigurationList = 5E1158DC2020068E0063640E /* Build configuration list for PBXProject "myApp" */;
			compatibilityVersion = "Xcode 8.0";
			developmentRegion = en;
			hasScannedForEncodings = 0;
			knownRegions = (
				en,
				Base,
			);
			mainGroup = 5E1158D82020068E0063640E;
			productRefGroup = 5E1158E22020068E0063640E /* Products */;
			projectDirPath = "";
			projectRoot = "";
			targets = (
				5E1158E02020068E0063640E /* myApp */,
			);
		};
/* End PBXProject section */

/* Begin PBXResourcesBuildPhase section */
		5E1158DF2020068E0063640E /* Resources */ = {
			isa = PBXResourcesBuildPhase;
			buildActionMask = 2147483647;
			files = (
				5E317F82204CD1F900AD2952 /* yes.jpg in Resources */,
				5E028EA02033C56D00EA84BB /* correct_answer3.mp3 in Resources */,
				5E317F84204CE07500AD2952 /* Slug.jpg in Resources */,
				5E317F86204CF35200AD2952 /* PartnerList.plist in Resources */,
				5E7A8CEB204E233600FD72F7 /* everydayConversation.plist in Resources */,
				5E317F7E204AAF1D00AD2952 /* noQuestion.jpg in Resources */,
				5E5E9F1720280BEA00FFA153 /* Test02List.plist in Resources */,
				5E1158EF2020068E0063640E /* LaunchScreen.storyboard in Resources */,
				5E1158EC2020068E0063640E /* Assets.xcassets in Resources */,
				5EF690DA203296DD00097B8C /* mistake_answer.mp3 in Resources */,
				5E5E9F1520280B9300FFA153 /* Test01List.plist in Resources */,
				5EEA4B33204288A2004B9CCD /* acronym.plist in Resources */,
				5E1158EA2020068E0063640E /* Main.storyboard in Resources */,
				5E317F80204CD1E700AD2952 /* no.jpg in Resources */,
				5E028EA42033D5DA00EA84BB /* result01.mp3 in Resources */,
				5E07D4F52024152C00B6D423 /* category.xib in Resources */,
				5E028EA22033D5CD00EA84BB /* result02.mp3 in Resources */,
			);
			runOnlyForDeploymentPostprocessing = 0;
		};
/* End PBXResourcesBuildPhase section */

/* Begin PBXSourcesBuildPhase section */
		5E1158DD2020068E0063640E /* Sources */ = {
			isa = PBXSourcesBuildPhase;
			buildActionMask = 2147483647;
			files = (
				5E03F3AF202D4AFC00867FE8 /* CustomCell 11-15-20-828.swift in Sources */,
				5E317F7C204AAD9700AD2952 /* noQuestionViewController.swift in Sources */,
				5E02D47820351D910076DB81 /* MissWords+CoreDataClass.swift in Sources */,
				5E03F3B1202D4CF700867FE8 /* customWordCell.swift in Sources */,
				5EEA4B372042B116004B9CCD /* detailsViewController.swift in Sources */,
				5ECDD4B92029DCB400FB5015 /* ResultViewController.swift in Sources */,
				5E1158E72020068E0063640E /* ViewController.swift in Sources */,
				5EF300A3202C9FB1009B1173 /* answerViewController.swift in Sources */,
				5E1158E52020068E0063640E /* AppDelegate.swift in Sources */,
				5E02D47520351CEB0076DB81 /* mistakeWords.xcdatamodeld in Sources */,
				5E5E9F112027FA1900FFA153 /* questionViewController.swift in Sources */,
				5E02D47920351D910076DB81 /* MissWords+CoreDataProperties.swift in Sources */,
			);
			runOnlyForDeploymentPostprocessing = 0;
		};
/* End PBXSourcesBuildPhase section */

/* Begin PBXVariantGroup section */
		5E1158E82020068E0063640E /* Main.storyboard */ = {
			isa = PBXVariantGroup;
			children = (
				5E1158E92020068E0063640E /* Base */,
			);
			name = Main.storyboard;
			sourceTree = "<group>";
		};
		5E1158ED2020068E0063640E /* LaunchScreen.storyboard */ = {
			isa = PBXVariantGroup;
			children = (
				5E1158EE2020068E0063640E /* Base */,
			);
			name = LaunchScreen.storyboard;
			sourceTree = "<group>";
		};
/* End PBXVariantGroup section */

/* Begin XCBuildConfiguration section */
		5E1158F12020068E0063640E /* Debug */ = {
			isa = XCBuildConfiguration;
			buildSettings = {
				ALWAYS_SEARCH_USER_PATHS = NO;
				CLANG_ANALYZER_NONNULL = YES;
				CLANG_ANALYZER_NUMBER_OBJECT_CONVERSION = YES_AGGRESSIVE;
				CLANG_CXX_LANGUAGE_STANDARD = "gnu++14";
				CLANG_CXX_LIBRARY = "libc++";
				CLANG_ENABLE_MODULES = YES;
				CLANG_ENABLE_OBJC_ARC = YES;
				CLANG_WARN_BLOCK_CAPTURE_AUTORELEASING = YES;
				CLANG_WARN_BOOL_CONVERSION = YES;
				CLANG_WARN_COMMA = YES;
				CLANG_WARN_CONSTANT_CONVERSION = YES;
				CLANG_WARN_DIRECT_OBJC_ISA_USAGE = YES_ERROR;
				CLANG_WARN_DOCUMENTATION_COMMENTS = YES;
				CLANG_WARN_EMPTY_BODY = YES;
				CLANG_WARN_ENUM_CONVERSION = YES;
				CLANG_WARN_INFINITE_RECURSION = YES;
				CLANG_WARN_INT_CONVERSION = YES;
				CLANG_WARN_NON_LITERAL_NULL_CONVERSION = YES;
				CLANG_WARN_OBJC_LITERAL_CONVERSION = YES;
				CLANG_WARN_OBJC_ROOT_CLASS = YES_ERROR;
				CLANG_WARN_RANGE_LOOP_ANALYSIS = YES;
				CLANG_WARN_STRICT_PROTOTYPES = YES;
				CLANG_WARN_SUSPICIOUS_MOVE = YES;
				CLANG_WARN_UNGUARDED_AVAILABILITY = YES_AGGRESSIVE;
				CLANG_WARN_UNREACHABLE_CODE = YES;
				CLANG_WARN__DUPLICATE_METHOD_MATCH = YES;
				CODE_SIGN_IDENTITY = "iPhone Developer";
				COPY_PHASE_STRIP = NO;
				DEBUG_INFORMATION_FORMAT = dwarf;
				ENABLE_STRICT_OBJC_MSGSEND = YES;
				ENABLE_TESTABILITY = YES;
				GCC_C_LANGUAGE_STANDARD = gnu11;
				GCC_DYNAMIC_NO_PIC = NO;
				GCC_NO_COMMON_BLOCKS = YES;
				GCC_OPTIMIZATION_LEVEL = 0;
				GCC_PREPROCESSOR_DEFINITIONS = (
					"DEBUG=1",
					"$(inherited)",
				);
				GCC_WARN_64_TO_32_BIT_CONVERSION = YES;
				GCC_WARN_ABOUT_RETURN_TYPE = YES_ERROR;
				GCC_WARN_UNDECLARED_SELECTOR = YES;
				GCC_WARN_UNINITIALIZED_AUTOS = YES_AGGRESSIVE;
				GCC_WARN_UNUSED_FUNCTION = YES;
				GCC_WARN_UNUSED_VARIABLE = YES;
				IPHONEOS_DEPLOYMENT_TARGET = 11.2;
				MTL_ENABLE_DEBUG_INFO = YES;
				ONLY_ACTIVE_ARCH = YES;
				SDKROOT = iphoneos;
				SWIFT_ACTIVE_COMPILATION_CONDITIONS = DEBUG;
				SWIFT_OPTIMIZATION_LEVEL = "-Onone";
			};
			name = Debug;
		};
		5E1158F22020068E0063640E /* Release */ = {
			isa = XCBuildConfiguration;
			buildSettings = {
				ALWAYS_SEARCH_USER_PATHS = NO;
				CLANG_ANALYZER_NONNULL = YES;
				CLANG_ANALYZER_NUMBER_OBJECT_CONVERSION = YES_AGGRESSIVE;
				CLANG_CXX_LANGUAGE_STANDARD = "gnu++14";
				CLANG_CXX_LIBRARY = "libc++";
				CLANG_ENABLE_MODULES = YES;
				CLANG_ENABLE_OBJC_ARC = YES;
				CLANG_WARN_BLOCK_CAPTURE_AUTORELEASING = YES;
				CLANG_WARN_BOOL_CONVERSION = YES;
				CLANG_WARN_COMMA = YES;
				CLANG_WARN_CONSTANT_CONVERSION = YES;
				CLANG_WARN_DIRECT_OBJC_ISA_USAGE = YES_ERROR;
				CLANG_WARN_DOCUMENTATION_COMMENTS = YES;
				CLANG_WARN_EMPTY_BODY = YES;
				CLANG_WARN_ENUM_CONVERSION = YES;
				CLANG_WARN_INFINITE_RECURSION = YES;
				CLANG_WARN_INT_CONVERSION = YES;
				CLANG_WARN_NON_LITERAL_NULL_CONVERSION = YES;
				CLANG_WARN_OBJC_LITERAL_CONVERSION = YES;
				CLANG_WARN_OBJC_ROOT_CLASS = YES_ERROR;
				CLANG_WARN_RANGE_LOOP_ANALYSIS = YES;
				CLANG_WARN_STRICT_PROTOTYPES = YES;
				CLANG_WARN_SUSPICIOUS_MOVE = YES;
				CLANG_WARN_UNGUARDED_AVAILABILITY = YES_AGGRESSIVE;
				CLANG_WARN_UNREACHABLE_CODE = YES;
				CLANG_WARN__DUPLICATE_METHOD_MATCH = YES;
				CODE_SIGN_IDENTITY = "iPhone Developer";
				COPY_PHASE_STRIP = NO;
				DEBUG_INFORMATION_FORMAT = "dwarf-with-dsym";
				ENABLE_NS_ASSERTIONS = NO;
				ENABLE_STRICT_OBJC_MSGSEND = YES;
				GCC_C_LANGUAGE_STANDARD = gnu11;
				GCC_NO_COMMON_BLOCKS = YES;
				GCC_WARN_64_TO_32_BIT_CONVERSION = YES;
				GCC_WARN_ABOUT_RETURN_TYPE = YES_ERROR;
				GCC_WARN_UNDECLARED_SELECTOR = YES;
				GCC_WARN_UNINITIALIZED_AUTOS = YES_AGGRESSIVE;
				GCC_WARN_UNUSED_FUNCTION = YES;
				GCC_WARN_UNUSED_VARIABLE = YES;
				IPHONEOS_DEPLOYMENT_TARGET = 11.2;
				MTL_ENABLE_DEBUG_INFO = NO;
				SDKROOT = iphoneos;
				SWIFT_OPTIMIZATION_LEVEL = "-Owholemodule";
				VALIDATE_PRODUCT = YES;
			};
			name = Release;
		};
		5E1158F42020068E0063640E /* Debug */ = {
			isa = XCBuildConfiguration;
			buildSettings = {
				ASSETCATALOG_COMPILER_APPICON_NAME = AppIcon;
				CODE_SIGN_STYLE = Automatic;
				DEVELOPMENT_TEAM = U2UC2T7CJY;
				INFOPLIST_FILE = myApp/Info.plist;
				LD_RUNPATH_SEARCH_PATHS = "$(inherited) @executable_path/Frameworks";
				PRODUCT_BUNDLE_IDENTIFIER = com.suzukakakazu.myApp;
				PRODUCT_NAME = "$(TARGET_NAME)";
				SWIFT_VERSION = 4.0;
				TARGETED_DEVICE_FAMILY = "1,2";
			};
			name = Debug;
		};
		5E1158F52020068E0063640E /* Release */ = {
			isa = XCBuildConfiguration;
			buildSettings = {
				ASSETCATALOG_COMPILER_APPICON_NAME = AppIcon;
				CODE_SIGN_STYLE = Automatic;
				DEVELOPMENT_TEAM = U2UC2T7CJY;
				INFOPLIST_FILE = myApp/Info.plist;
				LD_RUNPATH_SEARCH_PATHS = "$(inherited) @executable_path/Frameworks";
				PRODUCT_BUNDLE_IDENTIFIER = com.suzukakakazu.myApp;
				PRODUCT_NAME = "$(TARGET_NAME)";
				SWIFT_VERSION = 4.0;
				TARGETED_DEVICE_FAMILY = "1,2";
			};
			name = Release;
		};
/* End XCBuildConfiguration section */

/* Begin XCConfigurationList section */
		5E1158DC2020068E0063640E /* Build configuration list for PBXProject "myApp" */ = {
			isa = XCConfigurationList;
			buildConfigurations = (
				5E1158F12020068E0063640E /* Debug */,
				5E1158F22020068E0063640E /* Release */,
			);
			defaultConfigurationIsVisible = 0;
			defaultConfigurationName = Release;
		};
		5E1158F32020068E0063640E /* Build configuration list for PBXNativeTarget "myApp" */ = {
			isa = XCConfigurationList;
			buildConfigurations = (
				5E1158F42020068E0063640E /* Debug */,
				5E1158F52020068E0063640E /* Release */,
			);
			defaultConfigurationIsVisible = 0;
			defaultConfigurationName = Release;
		};
/* End XCConfigurationList section */

/* Begin XCVersionGroup section */
		5E02D47320351CEB0076DB81 /* mistakeWords.xcdatamodeld */ = {
			isa = XCVersionGroup;
			children = (
				5E02D47420351CEB0076DB81 /* mistakeWords.xcdatamodel */,
			);
			currentVersion = 5E02D47420351CEB0076DB81 /* mistakeWords.xcdatamodel */;
			path = mistakeWords.xcdatamodeld;
			sourceTree = "<group>";
			versionGroupType = wrapper.xcdatamodel;
		};
/* End XCVersionGroup section */
	};
	rootObject = 5E1158D92020068E0063640E /* Project object */;
}
